{
  "pins" : [
    {
      "identity" : "soulvercore",
      "kind" : "remoteSourceControl",
      "location" : "https://github.com/soulverteam/SoulverCore",
      "state" : {
        "revision" : "ef309cda2d2f426476181ae294f3b899eac83af4",
        "version" : "2.6.3"
      }
    },
    {
      "identity" : "sqlite.swift",
      "kind" : "remoteSourceControl",
      "location" : "https://github.com/stephencelis/SQLite.swift.git",
      "state" : {
        "revision" : "a95fc6df17d108bd99210db5e8a9bac90fe984b8",
        "version" : "0.15.3"
      }
    }
  ],
  "version" : 2
}
